
Microsoft Visual Studio Solution File, Format Version 12.00
# Visual Studio Version 17
VisualStudioVersion = 17.1.32210.238
MinimumVisualStudioVersion = 10.0.40219.1
Project("{9A19103F-16F7-4668-BE54-9A1E7A4F7556}") = "Ghini-Bikes Presentation", "Ghini-Bikes\Ghini-Bikes Presentation.csproj", "{1A333042-ED27-4E02-AE9F-9D2C7A3DC8FF}"
EndProject
Project("{9A19103F-16F7-4668-BE54-9A1E7A4F7556}") = "Domain", "Domain\Domain.csproj", "{87B84A57-547E-4F72-BE00-2904B27B0BCC}"
EndProject
Project("{9A19103F-16F7-4668-BE54-9A1E7A4F7556}") = "Application", "Application\Application.csproj", "{6461ADCC-2037-4498-9EEB-5EC7734F819E}"
EndProject
Project("{FAE04EC0-301F-11D3-BF4B-00C04F79EFBC}") = "Infrastructure", "Infrastructure\Infrastructure.csproj", "{B9444CAD-E573-4D18-8594-FAFE36BE70EE}"
EndProject
Global
	GlobalSection(SolutionConfigurationPlatforms) = preSolution
		Debug|Any CPU = Debug|Any CPU
		Release|Any CPU = Release|Any CPU
	EndGlobalSection
	GlobalSection(ProjectConfigurationPlatforms) = postSolution
		{1A333042-ED27-4E02-AE9F-9D2C7A3DC8FF}.Debug|Any CPU.ActiveCfg = Debug|Any CPU
		{1A333042-ED27-4E02-AE9F-9D2C7A3DC8FF}.Debug|Any CPU.Build.0 = Debug|Any CPU
		{1A333042-ED27-4E02-AE9F-9D2C7A3DC8FF}.Release|Any CPU.ActiveCfg = Release|Any CPU
		{1A333042-ED27-4E02-AE9F-9D2C7A3DC8FF}.Release|Any CPU.Build.0 = Release|Any CPU
		{87B84A57-547E-4F72-BE00-2904B27B0BCC}.Debug|Any CPU.ActiveCfg = Debug|Any CPU
		{87B84A57-547E-4F72-BE00-2904B27B0BCC}.Debug|Any CPU.Build.0 = Debug|Any CPU
		{87B84A57-547E-4F72-BE00-2904B27B0BCC}.Release|Any CPU.ActiveCfg = Release|Any CPU
		{87B84A57-547E-4F72-BE00-2904B27B0BCC}.Release|Any CPU.Build.0 = Release|Any CPU
		{6461ADCC-2037-4498-9EEB-5EC7734F819E}.Debug|Any CPU.ActiveCfg = Debug|Any CPU
		{6461ADCC-2037-4498-9EEB-5EC7734F819E}.Debug|Any CPU.Build.0 = Debug|Any CPU
		{6461ADCC-2037-4498-9EEB-5EC7734F819E}.Release|Any CPU.ActiveCfg = Release|Any CPU
		{6461ADCC-2037-4498-9EEB-5EC7734F819E}.Release|Any CPU.Build.0 = Release|Any CPU
		{B9444CAD-E573-4D18-8594-FAFE36BE70EE}.Debug|Any CPU.ActiveCfg = Debug|Any CPU
		{B9444CAD-E573-4D18-8594-FAFE36BE70EE}.Debug|Any CPU.Build.0 = Debug|Any CPU
		{B9444CAD-E573-4D18-8594-FAFE36BE70EE}.Release|Any CPU.ActiveCfg = Release|Any CPU
		{B9444CAD-E573-4D18-8594-FAFE36BE70EE}.Release|Any CPU.Build.0 = Release|Any CPU
	EndGlobalSection
	GlobalSection(SolutionProperties) = preSolution
		HideSolutionNode = FALSE
	EndGlobalSection
	GlobalSection(ExtensibilityGlobals) = postSolution
		SolutionGuid = {12AA8FEE-5CA2-4D0B-BF89-B4F6DCD70ADF}
	EndGlobalSection
EndGlobal
